// !$*UTF8*$!
{
	archiveVersion = 1;
	classes = {
	};
	objectVersion = 46;
	objects = {

/* Begin PBXBuildFile section */
		9B11ED451BDB60D8006A59A7 /* GoodsDetailViewController.m in Sources */ = {isa = PBXBuildFile; fileRef = 9B11ED441BDB60D8006A59A7 /* GoodsDetailViewController.m */; };
		9B11ED471BDB67F7006A59A7 /* scan_code.png in Resources */ = {isa = PBXBuildFile; fileRef = 9B11ED461BDB67F7006A59A7 /* scan_code.png */; };
		9B11ED4A1BDBCFDB006A59A7 /* ShoppingCartTableViewController.m in Sources */ = {isa = PBXBuildFile; fileRef = 9B11ED491BDBCFDB006A59A7 /* ShoppingCartTableViewController.m */; };
		9B11ED4D1BDBE509006A59A7 /* ConfirmViewController.m in Sources */ = {isa = PBXBuildFile; fileRef = 9B11ED4C1BDBE509006A59A7 /* ConfirmViewController.m */; };
		9B11ED4F1BDC41FB006A59A7 /* loading_gif.gif in Resources */ = {isa = PBXBuildFile; fileRef = 9B11ED4E1BDC41FB006A59A7 /* loading_gif.gif */; };
		9B6BE0791BDB3F2A00A43849 /* main.m in Sources */ = {isa = PBXBuildFile; fileRef = 9B6BE0781BDB3F2A00A43849 /* main.m */; };
		9B6BE07C1BDB3F2A00A43849 /* AppDelegate.m in Sources */ = {isa = PBXBuildFile; fileRef = 9B6BE07B1BDB3F2A00A43849 /* AppDelegate.m */; };
		9B6BE07F1BDB3F2A00A43849 /* ViewController.m in Sources */ = {isa = PBXBuildFile; fileRef = 9B6BE07E1BDB3F2A00A43849 /* ViewController.m */; };
		9B6BE0821BDB3F2A00A43849 /* Main.storyboard in Resources */ = {isa = PBXBuildFile; fileRef = 9B6BE0801BDB3F2A00A43849 /* Main.storyboard */; };
		9B6BE0841BDB3F2A00A43849 /* Images.xcassets in Resources */ = {isa = PBXBuildFile; fileRef = 9B6BE0831BDB3F2A00A43849 /* Images.xcassets */; };
		9B6BE0871BDB3F2A00A43849 /* LaunchScreen.xib in Resources */ = {isa = PBXBuildFile; fileRef = 9B6BE0851BDB3F2A00A43849 /* LaunchScreen.xib */; };
		9B6BE0931BDB3F2A00A43849 /* markethackerTests.m in Sources */ = {isa = PBXBuildFile; fileRef = 9B6BE0921BDB3F2A00A43849 /* markethackerTests.m */; };
		9B6BE09D1BDB460100A43849 /* qr_code.png in Resources */ = {isa = PBXBuildFile; fileRef = 9B6BE09C1BDB460100A43849 /* qr_code.png */; };
		C422A79D0ACFDDCF8F6A5B39 /* libPods.a in Frameworks */ = {isa = PBXBuildFile; fileRef = 598643A618120A01A48099F6 /* libPods.a */; };
/* End PBXBuildFile section */

/* Begin PBXContainerItemProxy section */
		9B6BE08D1BDB3F2A00A43849 /* PBXContainerItemProxy */ = {
			isa = PBXContainerItemProxy;
			containerPortal = 9B6BE06B1BDB3F2A00A43849 /* Project object */;
			proxyType = 1;
			remoteGlobalIDString = 9B6BE0721BDB3F2A00A43849;
			remoteInfo = markethacker;
		};
/* End PBXContainerItemProxy section */

/* Begin PBXFileReference section */
		598643A618120A01A48099F6 /* libPods.a */ = {isa = PBXFileReference; explicitFileType = archive.ar; includeInIndex = 0; path = libPods.a; sourceTree = BUILT_PRODUCTS_DIR; };
		5F3C2886D0239CC0CCDAB31E /* Pods.debug.xcconfig */ = {isa = PBXFileReference; includeInIndex = 1; lastKnownFileType = text.xcconfig; name = Pods.debug.xcconfig; path = "Pods/Target Support Files/Pods/Pods.debug.xcconfig"; sourceTree = "<group>"; };
		9B11ED431BDB60D8006A59A7 /* GoodsDetailViewController.h */ = {isa = PBXFileReference; fileEncoding = 4; lastKnownFileType = sourcecode.c.h; path = GoodsDetailViewController.h; sourceTree = "<group>"; };
		9B11ED441BDB60D8006A59A7 /* GoodsDetailViewController.m */ = {isa = PBXFileReference; fileEncoding = 4; lastKnownFileType = sourcecode.c.objc; path = GoodsDetailViewController.m; sourceTree = "<group>"; };
		9B11ED461BDB67F7006A59A7 /* scan_code.png */ = {isa = PBXFileReference; lastKnownFileType = image.png; name = scan_code.png; path = ../../../scan_code.png; sourceTree = "<group>"; };
		9B11ED481BDBCFDB006A59A7 /* ShoppingCartTableViewController.h */ = {isa = PBXFileReference; fileEncoding = 4; lastKnownFileType = sourcecode.c.h; path = ShoppingCartTableViewController.h; sourceTree = "<group>"; };
		9B11ED491BDBCFDB006A59A7 /* ShoppingCartTableViewController.m */ = {isa = PBXFileReference; fileEncoding = 4; lastKnownFileType = sourcecode.c.objc; path = ShoppingCartTableViewController.m; sourceTree = "<group>"; };
		9B11ED4B1BDBE509006A59A7 /* ConfirmViewController.h */ = {isa = PBXFileReference; fileEncoding = 4; lastKnownFileType = sourcecode.c.h; path = ConfirmViewController.h; sourceTree = "<group>"; };
		9B11ED4C1BDBE509006A59A7 /* ConfirmViewController.m */ = {isa = PBXFileReference; fileEncoding = 4; lastKnownFileType = sourcecode.c.objc; path = ConfirmViewController.m; sourceTree = "<group>"; };
		9B11ED4E1BDC41FB006A59A7 /* loading_gif.gif */ = {isa = PBXFileReference; lastKnownFileType = image.gif; name = loading_gif.gif; path = ../../../loading_gif.gif; sourceTree = "<group>"; };
		9B6BE0731BDB3F2A00A43849 /* markethacker.app */ = {isa = PBXFileReference; explicitFileType = wrapper.application; includeInIndex = 0; path = markethacker.app; sourceTree = BUILT_PRODUCTS_DIR; };
		9B6BE0771BDB3F2A00A43849 /* Info.plist */ = {isa = PBXFileReference; lastKnownFileType = text.plist.xml; path = Info.plist; sourceTree = "<group>"; };
		9B6BE0781BDB3F2A00A43849 /* main.m */ = {isa = PBXFileReference; lastKnownFileType = sourcecode.c.objc; path = main.m; sourceTree = "<group>"; };
		9B6BE07A1BDB3F2A00A43849 /* AppDelegate.h */ = {isa = PBXFileReference; lastKnownFileType = sourcecode.c.h; path = AppDelegate.h; sourceTree = "<group>"; };
		9B6BE07B1BDB3F2A00A43849 /* AppDelegate.m */ = {isa = PBXFileReference; lastKnownFileType = sourcecode.c.objc; path = AppDelegate.m; sourceTree = "<group>"; };
		9B6BE07D1BDB3F2A00A43849 /* ViewController.h */ = {isa = PBXFileReference; lastKnownFileType = sourcecode.c.h; path = ViewController.h; sourceTree = "<group>"; };
		9B6BE07E1BDB3F2A00A43849 /* ViewController.m */ = {isa = PBXFileReference; lastKnownFileType = sourcecode.c.objc; path = ViewController.m; sourceTree = "<group>"; };
		9B6BE0811BDB3F2A00A43849 /* Base */ = {isa = PBXFileReference; lastKnownFileType = file.storyboard; name = Base; path = Base.lproj/Main.storyboard; sourceTree = "<group>"; };
		9B6BE0831BDB3F2A00A43849 /* Images.xcassets */ = {isa = PBXFileReference; lastKnownFileType = folder.assetcatalog; path = Images.xcassets; sourceTree = "<group>"; };
		9B6BE0861BDB3F2A00A43849 /* Base */ = {isa = PBXFileReference; lastKnownFileType = file.xib; name = Base; path = Base.lproj/LaunchScreen.xib; sourceTree = "<group>"; };
		9B6BE08C1BDB3F2A00A43849 /* markethackerTests.xctest */ = {isa = PBXFileReference; explicitFileType = wrapper.cfbundle; includeInIndex = 0; path = markethackerTests.xctest; sourceTree = BUILT_PRODUCTS_DIR; };
		9B6BE0911BDB3F2A00A43849 /* Info.plist */ = {isa = PBXFileReference; lastKnownFileType = text.plist.xml; path = Info.plist; sourceTree = "<group>"; };
		9B6BE0921BDB3F2A00A43849 /* markethackerTests.m */ = {isa = PBXFileReference; lastKnownFileType = sourcecode.c.objc; path = markethackerTests.m; sourceTree = "<group>"; };
		9B6BE09C1BDB460100A43849 /* qr_code.png */ = {isa = PBXFileReference; lastKnownFileType = image.png; name = qr_code.png; path = ../../../qr_code.png; sourceTree = "<group>"; };
		C5B64DF0414D6A0FF47A28EA /* Pods.release.xcconfig */ = {isa = PBXFileReference; includeInIndex = 1; lastKnownFileType = text.xcconfig; name = Pods.release.xcconfig; path = "Pods/Target Support Files/Pods/Pods.release.xcconfig"; sourceTree = "<group>"; };
/* End PBXFileReference section */

/* Begin PBXFrameworksBuildPhase section */
		9B6BE0701BDB3F2A00A43849 /* Frameworks */ = {
			isa = PBXFrameworksBuildPhase;
			buildActionMask = 2147483647;
			files = (
				C422A79D0ACFDDCF8F6A5B39 /* libPods.a in Frameworks */,
			);
			runOnlyForDeploymentPostprocessing = 0;
		};
		9B6BE0891BDB3F2A00A43849 /* Frameworks */ = {
			isa = PBXFrameworksBuildPhase;
			buildActionMask = 2147483647;
			files = (
			);
			runOnlyForDeploymentPostprocessing = 0;
		};
/* End PBXFrameworksBuildPhase section */

/* Begin PBXGroup section */
		005AFAFEB2DD39EA626E13F6 /* Frameworks */ = {
			isa = PBXGroup;
			children = (
				598643A618120A01A48099F6 /* libPods.a */,
			);
			name = Frameworks;
			sourceTree = "<group>";
		};
		9B6BE06A1BDB3F2A00A43849 = {
			isa = PBXGroup;
			children = (
				9B6BE0751BDB3F2A00A43849 /* markethacker */,
				9B6BE08F1BDB3F2A00A43849 /* markethackerTests */,
				9B6BE0741BDB3F2A00A43849 /* Products */,
				AD93CDBC11DFA26951E9F885 /* Pods */,
				005AFAFEB2DD39EA626E13F6 /* Frameworks */,
			);
			sourceTree = "<group>";
		};
		9B6BE0741BDB3F2A00A43849 /* Products */ = {
			isa = PBXGroup;
			children = (
				9B6BE0731BDB3F2A00A43849 /* markethacker.app */,
				9B6BE08C1BDB3F2A00A43849 /* markethackerTests.xctest */,
			);
			name = Products;
			sourceTree = "<group>";
		};
		9B6BE0751BDB3F2A00A43849 /* markethacker */ = {
			isa = PBXGroup;
			children = (
				9B6BE07A1BDB3F2A00A43849 /* AppDelegate.h */,
				9B6BE07B1BDB3F2A00A43849 /* AppDelegate.m */,
				9B6BE07D1BDB3F2A00A43849 /* ViewController.h */,
				9B6BE07E1BDB3F2A00A43849 /* ViewController.m */,
				9B6BE0801BDB3F2A00A43849 /* Main.storyboard */,
				9B6BE0831BDB3F2A00A43849 /* Images.xcassets */,
				9B6BE0851BDB3F2A00A43849 /* LaunchScreen.xib */,
				9B6BE0761BDB3F2A00A43849 /* Supporting Files */,
				9B11ED431BDB60D8006A59A7 /* GoodsDetailViewController.h */,
				9B11ED441BDB60D8006A59A7 /* GoodsDetailViewController.m */,
				9B11ED481BDBCFDB006A59A7 /* ShoppingCartTableViewController.h */,
				9B11ED491BDBCFDB006A59A7 /* ShoppingCartTableViewController.m */,
				9B11ED4B1BDBE509006A59A7 /* ConfirmViewController.h */,
				9B11ED4C1BDBE509006A59A7 /* ConfirmViewController.m */,
			);
			path = markethacker;
			sourceTree = "<group>";
		};
		9B6BE0761BDB3F2A00A43849 /* Supporting Files */ = {
			isa = PBXGroup;
			children = (
				9B11ED4E1BDC41FB006A59A7 /* loading_gif.gif */,
				9B11ED461BDB67F7006A59A7 /* scan_code.png */,
				9B6BE09C1BDB460100A43849 /* qr_code.png */,
				9B6BE0771BDB3F2A00A43849 /* Info.plist */,
				9B6BE0781BDB3F2A00A43849 /* main.m */,
			);
			name = "Supporting Files";
			sourceTree = "<group>";
		};
		9B6BE08F1BDB3F2A00A43849 /* markethackerTests */ = {
			isa = PBXGroup;
			children = (
				9B6BE0921BDB3F2A00A43849 /* markethackerTests.m */,
				9B6BE0901BDB3F2A00A43849 /* Supporting Files */,
			);
			path = markethackerTests;
			sourceTree = "<group>";
		};
		9B6BE0901BDB3F2A00A43849 /* Supporting Files */ = {
			isa = PBXGroup;
			children = (
				9B6BE0911BDB3F2A00A43849 /* Info.plist */,
			);
			name = "Supporting Files";
			sourceTree = "<group>";
		};
		AD93CDBC11DFA26951E9F885 /* Pods */ = {
			isa = PBXGroup;
			children = (
				5F3C2886D0239CC0CCDAB31E /* Pods.debug.xcconfig */,
				C5B64DF0414D6A0FF47A28EA /* Pods.release.xcconfig */,
			);
			name = Pods;
			sourceTree = "<group>";
		};
/* End PBXGroup section */

/* Begin PBXNativeTarget section */
		9B6BE0721BDB3F2A00A43849 /* markethacker */ = {
			isa = PBXNativeTarget;
			buildConfigurationList = 9B6BE0961BDB3F2A00A43849 /* Build configuration list for PBXNativeTarget "markethacker" */;
			buildPhases = (
				30D83D31FF19342FD79DD6D1 /* Check Pods Manifest.lock */,
				9B6BE06F1BDB3F2A00A43849 /* Sources */,
				9B6BE0701BDB3F2A00A43849 /* Frameworks */,
				9B6BE0711BDB3F2A00A43849 /* Resources */,
				83C13A45A3ED0967F932C204 /* Embed Pods Frameworks */,
				F25876B5426BD0AAD9F745BB /* Copy Pods Resources */,
			);
			buildRules = (
			);
			dependencies = (
			);
			name = markethacker;
			productName = markethacker;
			productReference = 9B6BE0731BDB3F2A00A43849 /* markethacker.app */;
			productType = "com.apple.product-type.application";
		};
		9B6BE08B1BDB3F2A00A43849 /* markethackerTests */ = {
			isa = PBXNativeTarget;
			buildConfigurationList = 9B6BE0991BDB3F2A00A43849 /* Build configuration list for PBXNativeTarget "markethackerTests" */;
			buildPhases = (
				9B6BE0881BDB3F2A00A43849 /* Sources */,
				9B6BE0891BDB3F2A00A43849 /* Frameworks */,
				9B6BE08A1BDB3F2A00A43849 /* Resources */,
			);
			buildRules = (
			);
			dependencies = (
				9B6BE08E1BDB3F2A00A43849 /* PBXTargetDependency */,
			);
			name = markethackerTests;
			productName = markethackerTests;
			productReference = 9B6BE08C1BDB3F2A00A43849 /* markethackerTests.xctest */;
			productType = "com.apple.product-type.bundle.unit-test";
		};
/* End PBXNativeTarget section */

/* Begin PBXProject section */
		9B6BE06B1BDB3F2A00A43849 /* Project object */ = {
			isa = PBXProject;
			attributes = {
				LastUpgradeCheck = 0640;
				ORGANIZATIONNAME = "Honglai Zhan";
				TargetAttributes = {
					9B6BE0721BDB3F2A00A43849 = {
						CreatedOnToolsVersion = 6.4;
					};
					9B6BE08B1BDB3F2A00A43849 = {
						CreatedOnToolsVersion = 6.4;
						TestTargetID = 9B6BE0721BDB3F2A00A43849;
					};
				};
			};
			buildConfigurationList = 9B6BE06E1BDB3F2A00A43849 /* Build configuration list for PBXProject "markethacker" */;
			compatibilityVersion = "Xcode 3.2";
			developmentRegion = English;
			hasScannedForEncodings = 0;
			knownRegions = (
				en,
				Base,
			);
			mainGroup = 9B6BE06A1BDB3F2A00A43849;
			productRefGroup = 9B6BE0741BDB3F2A00A43849 /* Products */;
			projectDirPath = "";
			projectRoot = "";
			targets = (
				9B6BE0721BDB3F2A00A43849 /* markethacker */,
				9B6BE08B1BDB3F2A00A43849 /* markethackerTests */,
			);
		};
/* End PBXProject section */

/* Begin PBXResourcesBuildPhase section */
		9B6BE0711BDB3F2A00A43849 /* Resources */ = {
			isa = PBXResourcesBuildPhase;
			buildActionMask = 2147483647;
			files = (
				9B6BE0821BDB3F2A00A43849 /* Main.storyboard in Resources */,
				9B6BE0871BDB3F2A00A43849 /* LaunchScreen.xib in Resources */,
				9B11ED4F1BDC41FB006A59A7 /* loading_gif.gif in Resources */,
				9B11ED471BDB67F7006A59A7 /* scan_code.png in Resources */,
				9B6BE0841BDB3F2A00A43849 /* Images.xcassets in Resources */,
				9B6BE09D1BDB460100A43849 /* qr_code.png in Resources */,
			);
			runOnlyForDeploymentPostprocessing = 0;
		};
		9B6BE08A1BDB3F2A00A43849 /* Resources */ = {
			isa = PBXResourcesBuildPhase;
			buildActionMask = 2147483647;
			files = (
			);
			runOnlyForDeploymentPostprocessing = 0;
		};
/* End PBXResourcesBuildPhase section */

/* Begin PBXShellScriptBuildPhase section */
		30D83D31FF19342FD79DD6D1 /* Check Pods Manifest.lock */ = {
			isa = PBXShellScriptBuildPhase;
			buildActionMask = 2147483647;
			files = (
			);
			inputPaths = (
			);
			name = "Check Pods Manifest.lock";
			outputPaths = (
			);
			runOnlyForDeploymentPostprocessing = 0;
			shellPath = /bin/sh;
			shellScript = "diff \"${PODS_ROOT}/../Podfile.lock\" \"${PODS_ROOT}/Manifest.lock\" > /dev/null\nif [[ $? != 0 ]] ; then\n    cat << EOM\nerror: The sandbox is not in sync with the Podfile.lock. Run 'pod install' or update your CocoaPods installation.\nEOM\n    exit 1\nfi\n";
			showEnvVarsInLog = 0;
		};
		83C13A45A3ED0967F932C204 /* Embed Pods Frameworks */ = {
			isa = PBXShellScriptBuildPhase;
			buildActionMask = 2147483647;
			files = (
			);
			inputPaths = (
			);
			name = "Embed Pods Frameworks";
			outputPaths = (
			);
			runOnlyForDeploymentPostprocessing = 0;
			shellPath = /bin/sh;
			shellScript = "\"${SRCROOT}/Pods/Target Support Files/Pods/Pods-frameworks.sh\"\n";
			showEnvVarsInLog = 0;
		};
		F25876B5426BD0AAD9F745BB /* Copy Pods Resources */ = {
			isa = PBXShellScriptBuildPhase;
			buildActionMask = 2147483647;
			files = (
			);
			inputPaths = (
			);
			name = "Copy Pods Resources";
			outputPaths = (
			);
			runOnlyForDeploymentPostprocessing = 0;
			shellPath = /bin/sh;
			shellScript = "\"${SRCROOT}/Pods/Target Support Files/Pods/Pods-resources.sh\"\n";
			showEnvVarsInLog = 0;
		};
/* End PBXShellScriptBuildPhase section */

/* Begin PBXSourcesBuildPhase section */
		9B6BE06F1BDB3F2A00A43849 /* Sources */ = {
			isa = PBXSourcesBuildPhase;
			buildActionMask = 2147483647;
			files = (
				9B11ED451BDB60D8006A59A7 /* GoodsDetailViewController.m in Sources */,
				9B6BE07F1BDB3F2A00A43849 /* ViewController.m in Sources */,
				9B6BE07C1BDB3F2A00A43849 /* AppDelegate.m in Sources */,
				9B11ED4D1BDBE509006A59A7 /* ConfirmViewController.m in Sources */,
				9B11ED4A1BDBCFDB006A59A7 /* ShoppingCartTableViewController.m in Sources */,
				9B6BE0791BDB3F2A00A43849 /* main.m in Sources */,
			);
			runOnlyForDeploymentPostprocessing = 0;
		};
		9B6BE0881BDB3F2A00A43849 /* Sources */ = {
			isa = PBXSourcesBuildPhase;
			buildActionMask = 2147483647;
			files = (
				9B6BE0931BDB3F2A00A43849 /* markethackerTests.m in Sources */,
			);
			runOnlyForDeploymentPostprocessing = 0;
		};
/* End PBXSourcesBuildPhase section */

/* Begin PBXTargetDependency section */
		9B6BE08E1BDB3F2A00A43849 /* PBXTargetDependency */ = {
			isa = PBXTargetDependency;
			target = 9B6BE0721BDB3F2A00A43849 /* markethacker */;
			targetProxy = 9B6BE08D1BDB3F2A00A43849 /* PBXContainerItemProxy */;
		};
/* End PBXTargetDependency section */

/* Begin PBXVariantGroup section */
		9B6BE0801BDB3F2A00A43849 /* Main.storyboard */ = {
			isa = PBXVariantGroup;
			children = (
				9B6BE0811BDB3F2A00A43849 /* Base */,
			);
			name = Main.storyboard;
			sourceTree = "<group>";
		};
		9B6BE0851BDB3F2A00A43849 /* LaunchScreen.xib */ = {
			isa = PBXVariantGroup;
			children = (
				9B6BE0861BDB3F2A00A43849 /* Base */,
			);
			name = LaunchScreen.xib;
			sourceTree = "<group>";
		};
/* End PBXVariantGroup section */

/* Begin XCBuildConfiguration section */
		9B6BE0941BDB3F2A00A43849 /* Debug */ = {
			isa = XCBuildConfiguration;
			buildSettings = {
				ALWAYS_SEARCH_USER_PATHS = NO;
				CLANG_CXX_LANGUAGE_STANDARD = "gnu++0x";
				CLANG_CXX_LIBRARY = "libc++";
				CLANG_ENABLE_MODULES = YES;
				CLANG_ENABLE_OBJC_ARC = YES;
				CLANG_WARN_BOOL_CONVERSION = YES;
				CLANG_WARN_CONSTANT_CONVERSION = YES;
				CLANG_WARN_DIRECT_OBJC_ISA_USAGE = YES_ERROR;
				CLANG_WARN_EMPTY_BODY = YES;
				CLANG_WARN_ENUM_CONVERSION = YES;
				CLANG_WARN_INT_CONVERSION = YES;
				CLANG_WARN_OBJC_ROOT_CLASS = YES_ERROR;
				CLANG_WARN_UNREACHABLE_CODE = YES;
				CLANG_WARN__DUPLICATE_METHOD_MATCH = YES;
				"CODE_SIGN_IDENTITY[sdk=iphoneos*]" = "iPhone Developer";
				COPY_PHASE_STRIP = NO;
				DEBUG_INFORMATION_FORMAT = "dwarf-with-dsym";
				ENABLE_STRICT_OBJC_MSGSEND = YES;
				GCC_C_LANGUAGE_STANDARD = gnu99;
				GCC_DYNAMIC_NO_PIC = NO;
				GCC_NO_COMMON_BLOCKS = YES;
				GCC_OPTIMIZATION_LEVEL = 0;
				GCC_PREPROCESSOR_DEFINITIONS = (
					"DEBUG=1",
					"$(inherited)",
				);
				GCC_SYMBOLS_PRIVATE_EXTERN = NO;
				GCC_WARN_64_TO_32_BIT_CONVERSION = YES;
				GCC_WARN_ABOUT_RETURN_TYPE = YES_ERROR;
				GCC_WARN_UNDECLARED_SELECTOR = YES;
				GCC_WARN_UNINITIALIZED_AUTOS = YES_AGGRESSIVE;
				GCC_WARN_UNUSED_FUNCTION = YES;
				GCC_WARN_UNUSED_VARIABLE = YES;
				IPHONEOS_DEPLOYMENT_TARGET = 8.4;
				MTL_ENABLE_DEBUG_INFO = YES;
				ONLY_ACTIVE_ARCH = YES;
				SDKROOT = iphoneos;
			};
			name = Debug;
		};
		9B6BE0951BDB3F2A00A43849 /* Release */ = {
			isa = XCBuildConfiguration;
			buildSettings = {
				ALWAYS_SEARCH_USER_PATHS = NO;
				CLANG_CXX_LANGUAGE_STANDARD = "gnu++0x";
				CLANG_CXX_LIBRARY = "libc++";
				CLANG_ENABLE_MODULES = YES;
				CLANG_ENABLE_OBJC_ARC = YES;
				CLANG_WARN_BOOL_CONVERSION = YES;
				CLANG_WARN_CONSTANT_CONVERSION = YES;
				CLANG_WARN_DIRECT_OBJC_ISA_USAGE = YES_ERROR;
				CLANG_WARN_EMPTY_BODY = YES;
				CLANG_WARN_ENUM_CONVERSION = YES;
				CLANG_WARN_INT_CONVERSION = YES;
				CLANG_WARN_OBJC_ROOT_CLASS = YES_ERROR;
				CLANG_WARN_UNREACHABLE_CODE = YES;
				CLANG_WARN__DUPLICATE_METHOD_MATCH = YES;
				"CODE_SIGN_IDENTITY[sdk=iphoneos*]" = "iPhone Developer";
				COPY_PHASE_STRIP = NO;
				DEBUG_INFORMATION_FORMAT = "dwarf-with-dsym";
				ENABLE_NS_ASSERTIONS = NO;
				ENABLE_STRICT_OBJC_MSGSEND = YES;
				GCC_C_LANGUAGE_STANDARD = gnu99;
				GCC_NO_COMMON_BLOCKS = YES;
				GCC_WARN_64_TO_32_BIT_CONVERSION = YES;
				GCC_WARN_ABOUT_RETURN_TYPE = YES_ERROR;
				GCC_WARN_UNDECLARED_SELECTOR = YES;
				GCC_WARN_UNINITIALIZED_AUTOS = YES_AGGRESSIVE;
				GCC_WARN_UNUSED_FUNCTION = YES;
				GCC_WARN_UNUSED_VARIABLE = YES;
				IPHONEOS_DEPLOYMENT_TARGET = 8.4;
				MTL_ENABLE_DEBUG_INFO = NO;
				SDKROOT = iphoneos;
				VALIDATE_PRODUCT = YES;
			};
			name = Release;
		};
		9B6BE0971BDB3F2A00A43849 /* Debug */ = {
			isa = XCBuildConfiguration;
			baseConfigurationReference = 5F3C2886D0239CC0CCDAB31E /* Pods.debug.xcconfig */;
			buildSettings = {
				ASSETCATALOG_COMPILER_APPICON_NAME = AppIcon;
				INFOPLIST_FILE = markethacker/Info.plist;
				LD_RUNPATH_SEARCH_PATHS = "$(inherited) @executable_path/Frameworks";
				PRODUCT_NAME = "$(TARGET_NAME)";
			};
			name = Debug;
		};
		9B6BE0981BDB3F2A00A43849 /* Release */ = {
			isa = XCBuildConfiguration;
			baseConfigurationReference = C5B64DF0414D6A0FF47A28EA /* Pods.release.xcconfig */;
			buildSettings = {
				ASSETCATALOG_COMPILER_APPICON_NAME = AppIcon;
				INFOPLIST_FILE = markethacker/Info.plist;
				LD_RUNPATH_SEARCH_PATHS = "$(inherited) @executable_path/Frameworks";
				PRODUCT_NAME = "$(TARGET_NAME)";
			};
			name = Release;
		};
		9B6BE09A1BDB3F2A00A43849 /* Debug */ = {
			isa = XCBuildConfiguration;
			buildSettings = {
				BUNDLE_LOADER = "$(TEST_HOST)";
				FRAMEWORK_SEARCH_PATHS = (
					"$(SDKROOT)/Developer/Library/Frameworks",
					"$(inherited)",
				);
				GCC_PREPROCESSOR_DEFINITIONS = (
					"DEBUG=1",
					"$(inherited)",
				);
				INFOPLIST_FILE = markethackerTests/Info.plist;
				LD_RUNPATH_SEARCH_PATHS = "$(inherited) @executable_path/Frameworks @loader_path/Frameworks";
				PRODUCT_NAME = "$(TARGET_NAME)";
				TEST_HOST = "$(BUILT_PRODUCTS_DIR)/markethacker.app/markethacker";
			};
			name = Debug;
		};
		9B6BE09B1BDB3F2A00A43849 /* Release */ = {
			isa = XCBuildConfiguration;
			buildSettings = {
				BUNDLE_LOADER = "$(TEST_HOST)";
				FRAMEWORK_SEARCH_PATHS = (
					"$(SDKROOT)/Developer/Library/Frameworks",
					"$(inherited)",
				);
				INFOPLIST_FILE = markethackerTests/Info.plist;
				LD_RUNPATH_SEARCH_PATHS = "$(inherited) @executable_path/Frameworks @loader_path/Frameworks";
				PRODUCT_NAME = "$(TARGET_NAME)";
				TEST_HOST = "$(BUILT_PRODUCTS_DIR)/markethacker.app/markethacker";
			};
			name = Release;
		};
/* End XCBuildConfiguration section */

/* Begin XCConfigurationList section */
		9B6BE06E1BDB3F2A00A43849 /* Build configuration list for PBXProject "markethacker" */ = {
			isa = XCConfigurationList;
			buildConfigurations = (
				9B6BE0941BDB3F2A00A43849 /* Debug */,
				9B6BE0951BDB3F2A00A43849 /* Release */,
			);
			defaultConfigurationIsVisible = 0;
			defaultConfigurationName = Release;
		};
		9B6BE0961BDB3F2A00A43849 /* Build configuration list for PBXNativeTarget "markethacker" */ = {
			isa = XCConfigurationList;
			buildConfigurations = (
				9B6BE0971BDB3F2A00A43849 /* Debug */,
				9B6BE0981BDB3F2A00A43849 /* Release */,
			);
			defaultConfigurationIsVisible = 0;
			defaultConfigurationName = Release;
		};
		9B6BE0991BDB3F2A00A43849 /* Build configuration list for PBXNativeTarget "markethackerTests" */ = {
			isa = XCConfigurationList;
			buildConfigurations = (
				9B6BE09A1BDB3F2A00A43849 /* Debug */,
				9B6BE09B1BDB3F2A00A43849 /* Release */,
			);
			defaultConfigurationIsVisible = 0;
			defaultConfigurationName = Release;
		};
/* End XCConfigurationList section */
	};
	rootObject = 9B6BE06B1BDB3F2A00A43849 /* Project object */;
}
